
Microsoft Visual Studio Solution File, Format Version 12.00
# Visual Studio Version 16
VisualStudioVersion = 16.0.30717.126
MinimumVisualStudioVersion = 10.0.40219.1
Project("{8BC9CEB8-8B4A-11D0-8D11-00A0C91BC942}") = "지뢰찾기", "지뢰찾기.vcxproj", "{D423CF93-8A70-4948-B013-0CBF1CBEFA8A}"
EndProject
Global
	GlobalSection(SolutionConfigurationPlatforms) = preSolution
		Debug|x64 = Debug|x64
		Debug|x86 = Debug|x86
		Release|x64 = Release|x64
		Release|x86 = Release|x86
	EndGlobalSection
	GlobalSection(ProjectConfigurationPlatforms) = postSolution
		{D423CF93-8A70-4948-B013-0CBF1CBEFA8A}.Debug|x64.ActiveCfg = Debug|x64
		{D423CF93-8A70-4948-B013-0CBF1CBEFA8A}.Debug|x64.Build.0 = Debug|x64
		{D423CF93-8A70-4948-B013-0CBF1CBEFA8A}.Debug|x86.ActiveCfg = Debug|Win32
		{D423CF93-8A70-4948-B013-0CBF1CBEFA8A}.Debug|x86.Build.0 = Debug|Win32
		{D423CF93-8A70-4948-B013-0CBF1CBEFA8A}.Release|x64.ActiveCfg = Release|x64
		{D423CF93-8A70-4948-B013-0CBF1CBEFA8A}.Release|x64.Build.0 = Release|x64
		{D423CF93-8A70-4948-B013-0CBF1CBEFA8A}.Release|x86.ActiveCfg = Release|Win32
		{D423CF93-8A70-4948-B013-0CBF1CBEFA8A}.Release|x86.Build.0 = Release|Win32
	EndGlobalSection
	GlobalSection(SolutionProperties) = preSolution
		HideSolutionNode = FALSE
	EndGlobalSection
	GlobalSection(ExtensibilityGlobals) = postSolution
		SolutionGuid = {19BD2E71-F698-4525-8CE4-9537C139D51E}
	EndGlobalSection
EndGlobal
